
Microsoft Visual Studio Solution File, Format Version 12.00
# Visual Studio Version 16
VisualStudioVersion = 16.0.31702.278
MinimumVisualStudioVersion = 10.0.40219.1
Project("{FAE04EC0-301F-11D3-BF4B-00C04F79EFBC}") = "lab1", "lab1.csproj", "{4786C232-3028-4ABB-A41B-94FA61E05CAA}"
EndProject
Global
	GlobalSection(SolutionConfigurationPlatforms) = preSolution
		Debug|Any CPU = Debug|Any CPU
		Release|Any CPU = Release|Any CPU
	EndGlobalSection
	GlobalSection(ProjectConfigurationPlatforms) = postSolution
		{4786C232-3028-4ABB-A41B-94FA61E05CAA}.Debug|Any CPU.ActiveCfg = Debug|Any CPU
		{4786C232-3028-4ABB-A41B-94FA61E05CAA}.Debug|Any CPU.Build.0 = Debug|Any CPU
		{4786C232-3028-4ABB-A41B-94FA61E05CAA}.Release|Any CPU.ActiveCfg = Release|Any CPU
		{4786C232-3028-4ABB-A41B-94FA61E05CAA}.Release|Any CPU.Build.0 = Release|Any CPU
	EndGlobalSection
	GlobalSection(SolutionProperties) = preSolution
		HideSolutionNode = FALSE
	EndGlobalSection
	GlobalSection(ExtensibilityGlobals) = postSolution
		SolutionGuid = {FA7762CB-68BD-4E89-BF1E-E3C365F4AC63}
	EndGlobalSection
EndGlobal
